
Microsoft Visual Studio Solution File, Format Version 12.00
# Visual Studio Version 17
VisualStudioVersion = 17.6.33815.320
MinimumVisualStudioVersion = 10.0.40219.1
Project("{FAE04EC0-301F-11D3-BF4B-00C04F79EFBC}") = "Northwind.Common.EntityModels.SqlServer", "Northwind.Common.EntityModels.SqlServer\Northwind.Common.EntityModels.SqlServer.csproj", "{4A1CA49A-80C4-478A-B663-131A868FF527}"
EndProject
Project("{FAE04EC0-301F-11D3-BF4B-00C04F79EFBC}") = "Northwind.Common.DataContext.SqlServer", "Northwind.Common.DataContext.SqlServer\Northwind.Common.DataContext.SqlServer.csproj", "{4F2A6FAE-30D4-488A-B71C-39CF52EA20B0}"
EndProject
Global
	GlobalSection(SolutionConfigurationPlatforms) = preSolution
		Debug|Any CPU = Debug|Any CPU
		Release|Any CPU = Release|Any CPU
	EndGlobalSection
	GlobalSection(ProjectConfigurationPlatforms) = postSolution
		{4A1CA49A-80C4-478A-B663-131A868FF527}.Debug|Any CPU.ActiveCfg = Debug|Any CPU
		{4A1CA49A-80C4-478A-B663-131A868FF527}.Debug|Any CPU.Build.0 = Debug|Any CPU
		{4A1CA49A-80C4-478A-B663-131A868FF527}.Release|Any CPU.ActiveCfg = Release|Any CPU
		{4A1CA49A-80C4-478A-B663-131A868FF527}.Release|Any CPU.Build.0 = Release|Any CPU
		{4F2A6FAE-30D4-488A-B71C-39CF52EA20B0}.Debug|Any CPU.ActiveCfg = Debug|Any CPU
		{4F2A6FAE-30D4-488A-B71C-39CF52EA20B0}.Debug|Any CPU.Build.0 = Debug|Any CPU
		{4F2A6FAE-30D4-488A-B71C-39CF52EA20B0}.Release|Any CPU.ActiveCfg = Release|Any CPU
		{4F2A6FAE-30D4-488A-B71C-39CF52EA20B0}.Release|Any CPU.Build.0 = Release|Any CPU
	EndGlobalSection
	GlobalSection(SolutionProperties) = preSolution
		HideSolutionNode = FALSE
	EndGlobalSection
	GlobalSection(ExtensibilityGlobals) = postSolution
		SolutionGuid = {D210B28B-4EF1-41B0-8B23-C5BAB576845A}
	EndGlobalSection
EndGlobal
